
Microsoft Visual Studio Solution File, Format Version 12.00
# Visual Studio 15
VisualStudioVersion = 15.0.27130.2020
MinimumVisualStudioVersion = 10.0.40219.1
Project("{FAE04EC0-301F-11D3-BF4B-00C04F79EFBC}") = "DesignPatternsConsoleApp", "DesignPatternsConsoleApp\DesignPatternsConsoleApp.csproj", "{7F2D8392-1BBB-4134-BBA2-A97D80E046BC}"
EndProject
Global
	GlobalSection(SolutionConfigurationPlatforms) = preSolution
		Debug|Any CPU = Debug|Any CPU
		Release|Any CPU = Release|Any CPU
	EndGlobalSection
	GlobalSection(ProjectConfigurationPlatforms) = postSolution
		{7F2D8392-1BBB-4134-BBA2-A97D80E046BC}.Debug|Any CPU.ActiveCfg = Debug|Any CPU
		{7F2D8392-1BBB-4134-BBA2-A97D80E046BC}.Debug|Any CPU.Build.0 = Debug|Any CPU
		{7F2D8392-1BBB-4134-BBA2-A97D80E046BC}.Release|Any CPU.ActiveCfg = Release|Any CPU
		{7F2D8392-1BBB-4134-BBA2-A97D80E046BC}.Release|Any CPU.Build.0 = Release|Any CPU
	EndGlobalSection
	GlobalSection(SolutionProperties) = preSolution
		HideSolutionNode = FALSE
	EndGlobalSection
	GlobalSection(ExtensibilityGlobals) = postSolution
		SolutionGuid = {7E85CC8D-F2B9-4CDF-B7B8-8BFC0EE33600}
	EndGlobalSection
EndGlobal
